<Solution>
  <Folder Name="/src/">
    <Project Path="src/Novolis.Simulation.Abstractions/Novolis.Simulation.Abstractions.csproj" />
    <Project Path="src/Novolis.Simulation.World/Novolis.Simulation.World.csproj" />
    <Project Path="src/Novolis.Simulation.View/Novolis.Simulation.View.csproj" />
    <Project Path="src/Novolis.Simulation.Kinematics/Novolis.Simulation.Kinematics.csproj" />
    <Project Path="src/Novolis.Simulation.World.Builders/Novolis.Simulation.World.Builders.csproj" />
    <Project Path="src/Novolis.Simulation/Novolis.Simulation.csproj" />
    <Project Path="src/Novolis.Simulation.Racing/Novolis.Simulation.Racing.csproj" />
    <Project Path="src/Novolis.Simulation.Replay/Novolis.Simulation.Replay.csproj" />
    <Project Path="src/Novolis.Simulation.Mesh/Novolis.Simulation.Mesh.csproj" />
    <Project Path="src/Novolis.Simulation.Tiles/Novolis.Simulation.Tiles.csproj" />
    <Project Path="src/Novolis.Simulation.Voxels/Novolis.Simulation.Voxels.csproj" />
    <Project Path="src/Novolis.Simulation.Voxels.Meshing/Novolis.Simulation.Voxels.Meshing.csproj" />
    <Project Path="src/Novolis.Simulation.Humanoid/Novolis.Simulation.Humanoid.csproj" />
    <Project Path="src/Novolis.Simulation.Humanoid.Physics/Novolis.Simulation.Humanoid.Physics.csproj" />
    <Project Path="src/Novolis.Simulation.Humanoid.Import/Novolis.Simulation.Humanoid.Import.csproj" />
    <Project Path="src/Novolis.Simulation.Humanoid.Skinning/Novolis.Simulation.Humanoid.Skinning.csproj" />
  </Folder>
  <Folder Name="/tests/">
    <Project Path="tests/Novolis.Simulation.Unit/Novolis.Simulation.Unit.csproj" />
    <Project Path="tests/Novolis.Simulation.Humanoid.Unit/Novolis.Simulation.Humanoid.Unit.csproj" />
    </Folder>
</Solution>
